
Microsoft Visual Studio Solution File, Format Version 12.00
# Visual Studio Version 17
VisualStudioVersion = 17.5.33414.496
MinimumVisualStudioVersion = 10.0.40219.1
Project("{FAE04EC0-301F-11D3-BF4B-00C04F79EFBC}") = "AtpCase", "AtpCase\AtpCase.csproj", "{0A0F6659-03A1-4D42-B5AF-0E024C34D5B8}"
EndProject
Project("{FAE04EC0-301F-11D3-BF4B-00C04F79EFBC}") = "ServerAllocator", "ServerAlloator\ServerAllocator\ServerAllocator.csproj", "{AF7B0C85-1E97-41D9-9BFF-1C5919F70AB8}"
EndProject
Project("{FAE04EC0-301F-11D3-BF4B-00C04F79EFBC}") = "ServerProcessorApp", "ServerProcessorApp\ServerProcessorApp\ServerProcessorApp.csproj", "{BEB6847E-3D0E-4BE9-A7F4-C51360006FFD}"
EndProject
Global
	GlobalSection(SolutionConfigurationPlatforms) = preSolution
		Debug|Any CPU = Debug|Any CPU
		Release|Any CPU = Release|Any CPU
	EndGlobalSection
	GlobalSection(ProjectConfigurationPlatforms) = postSolution
		{0A0F6659-03A1-4D42-B5AF-0E024C34D5B8}.Debug|Any CPU.ActiveCfg = Debug|Any CPU
		{0A0F6659-03A1-4D42-B5AF-0E024C34D5B8}.Debug|Any CPU.Build.0 = Debug|Any CPU
		{0A0F6659-03A1-4D42-B5AF-0E024C34D5B8}.Release|Any CPU.ActiveCfg = Release|Any CPU
		{0A0F6659-03A1-4D42-B5AF-0E024C34D5B8}.Release|Any CPU.Build.0 = Release|Any CPU
		{AF7B0C85-1E97-41D9-9BFF-1C5919F70AB8}.Debug|Any CPU.ActiveCfg = Debug|Any CPU
		{AF7B0C85-1E97-41D9-9BFF-1C5919F70AB8}.Debug|Any CPU.Build.0 = Debug|Any CPU
		{AF7B0C85-1E97-41D9-9BFF-1C5919F70AB8}.Release|Any CPU.ActiveCfg = Release|Any CPU
		{AF7B0C85-1E97-41D9-9BFF-1C5919F70AB8}.Release|Any CPU.Build.0 = Release|Any CPU
		{BEB6847E-3D0E-4BE9-A7F4-C51360006FFD}.Debug|Any CPU.ActiveCfg = Debug|Any CPU
		{BEB6847E-3D0E-4BE9-A7F4-C51360006FFD}.Debug|Any CPU.Build.0 = Debug|Any CPU
		{BEB6847E-3D0E-4BE9-A7F4-C51360006FFD}.Release|Any CPU.ActiveCfg = Release|Any CPU
		{BEB6847E-3D0E-4BE9-A7F4-C51360006FFD}.Release|Any CPU.Build.0 = Release|Any CPU
	EndGlobalSection
	GlobalSection(SolutionProperties) = preSolution
		HideSolutionNode = FALSE
	EndGlobalSection
	GlobalSection(ExtensibilityGlobals) = postSolution
		SolutionGuid = {EB20E90B-6C25-49D7-8CA4-2FEABDD0E720}
	EndGlobalSection
EndGlobal
